
Microsoft Visual Studio Solution File, Format Version 12.00
# Visual Studio Version 17
VisualStudioVersion = 17.8.34309.116
MinimumVisualStudioVersion = 10.0.40219.1
Project("{FAE04EC0-301F-11D3-BF4B-00C04F79EFBC}") = "ArticleDotNetConfiguration", "src\ArticleDotNetConfiguration\ArticleDotNetConfiguration.csproj", "{22215760-A9B5-4155-B2C4-78DBC0C2420C}"
EndProject
Global
	GlobalSection(SolutionConfigurationPlatforms) = preSolution
		Debug|Any CPU = Debug|Any CPU
		Release|Any CPU = Release|Any CPU
	EndGlobalSection
	GlobalSection(ProjectConfigurationPlatforms) = postSolution
		{22215760-A9B5-4155-B2C4-78DBC0C2420C}.Debug|Any CPU.ActiveCfg = Debug|Any CPU
		{22215760-A9B5-4155-B2C4-78DBC0C2420C}.Debug|Any CPU.Build.0 = Debug|Any CPU
		{22215760-A9B5-4155-B2C4-78DBC0C2420C}.Release|Any CPU.ActiveCfg = Release|Any CPU
		{22215760-A9B5-4155-B2C4-78DBC0C2420C}.Release|Any CPU.Build.0 = Release|Any CPU
	EndGlobalSection
	GlobalSection(SolutionProperties) = preSolution
		HideSolutionNode = FALSE
	EndGlobalSection
	GlobalSection(ExtensibilityGlobals) = postSolution
		SolutionGuid = {81D7DD05-9A5A-4D4B-8C89-A3FC9360F0FC}
	EndGlobalSection
EndGlobal
